# This file was autogenerated by Stack.
# You should not edit this file by hand.
# For more information, please see the documentation at:
#   https://docs.haskellstack.org/en/stable/lock_files

packages: []
snapshots:
- completed:
    size: 630417
    url: https://raw.githubusercontent.com/commercialhaskell/stackage-snapshots/master/nightly/2022/8/14.yaml
    sha256: f06063214f995549c436b7b091e7ba6785a4bd146d05e963036b451adeb3bd8e
  original: nightly-2022-08-14
